# This file is automatically @generated by Cargo.
# It is not intended for manual editing.
version = 4

[[package]]
name = "span-agent"
version = "0.0.0"
dependencies = [
 "span-engine",
 "span-platform",
 "span-platform-linux",
 "span-platform-macos",
 "span-render",
 "span-transport",
 "span-types",
]

[[package]]
name = "span-bench"
version = "0.0.0"
dependencies = [
 "span-types",
]

[[package]]
name = "span-engine"
version = "0.0.0"
dependencies = [
 "span-input",
 "span-media",
 "span-platform",
 "span-protocol",
 "span-security",
 "span-testkit",
 "span-types",
]

[[package]]
name = "span-input"
version = "0.0.0"
dependencies = [
 "span-types",
]

[[package]]
name = "span-media"
version = "0.0.0"
dependencies = [
 "span-types",
]

[[package]]
name = "span-platform"
version = "0.0.0"
dependencies = [
 "span-types",
]

[[package]]
name = "span-platform-linux"
version = "0.0.0"
dependencies = [
 "span-platform",
 "span-types",
]

[[package]]
name = "span-platform-macos"
version = "0.0.0"
dependencies = [
 "span-platform",
 "span-types",
]

[[package]]
name = "span-protocol"
version = "0.0.0"
dependencies = [
 "span-types",
]

[[package]]
name = "span-render"
version = "0.0.0"
dependencies = [
 "span-media",
 "span-types",
]

[[package]]
name = "span-security"
version = "0.0.0"
dependencies = [
 "span-protocol",
 "span-types",
]

[[package]]
name = "span-testkit"
version = "0.0.0"
dependencies = [
 "span-platform",
 "span-types",
]

[[package]]
name = "span-transport"
version = "0.0.0"
dependencies = [
 "span-protocol",
 "span-security",
 "span-types",
]

[[package]]
name = "span-types"
version = "0.0.0"

[[package]]
name = "span-ui"
version = "0.0.0"
dependencies = [
 "span-protocol",
 "span-types",
]

[[package]]
name = "spanctl"
version = "0.0.0"
dependencies = [
 "span-protocol",
 "span-types",
]
