# This file is automatically @generated by Cargo.
# It is not intended for manual editing.
version = 4

[[package]]
name = "crosspane-agent"
version = "0.0.0"
dependencies = [
 "crosspane-engine",
 "crosspane-platform",
 "crosspane-platform-linux",
 "crosspane-platform-macos",
 "crosspane-render",
 "crosspane-transport",
 "crosspane-types",
]

[[package]]
name = "crosspane-bench"
version = "0.0.0"
dependencies = [
 "crosspane-types",
]

[[package]]
name = "crosspane-engine"
version = "0.0.0"
dependencies = [
 "crosspane-input",
 "crosspane-media",
 "crosspane-platform",
 "crosspane-protocol",
 "crosspane-security",
 "crosspane-testkit",
 "crosspane-types",
]

[[package]]
name = "crosspane-input"
version = "0.0.0"
dependencies = [
 "crosspane-types",
]

[[package]]
name = "crosspane-media"
version = "0.0.0"
dependencies = [
 "crosspane-types",
]

[[package]]
name = "crosspane-platform"
version = "0.0.0"
dependencies = [
 "crosspane-types",
]

[[package]]
name = "crosspane-platform-linux"
version = "0.0.0"
dependencies = [
 "crosspane-platform",
 "crosspane-types",
]

[[package]]
name = "crosspane-platform-macos"
version = "0.0.0"
dependencies = [
 "crosspane-platform",
 "crosspane-types",
]

[[package]]
name = "crosspane-protocol"
version = "0.0.0"
dependencies = [
 "crosspane-types",
]

[[package]]
name = "crosspane-render"
version = "0.0.0"
dependencies = [
 "crosspane-media",
 "crosspane-types",
]

[[package]]
name = "crosspane-security"
version = "0.0.0"
dependencies = [
 "crosspane-protocol",
 "crosspane-types",
]

[[package]]
name = "crosspane-testkit"
version = "0.0.0"
dependencies = [
 "crosspane-platform",
 "crosspane-types",
]

[[package]]
name = "crosspane-transport"
version = "0.0.0"
dependencies = [
 "crosspane-protocol",
 "crosspane-security",
 "crosspane-types",
]

[[package]]
name = "crosspane-types"
version = "0.0.0"

[[package]]
name = "crosspane-ui"
version = "0.0.0"
dependencies = [
 "crosspane-protocol",
 "crosspane-types",
]

[[package]]
name = "crosspanectl"
version = "0.0.0"
dependencies = [
 "crosspane-protocol",
 "crosspane-types",
]
